// !$*UTF8*$!
{
	archiveVersion = 1;
	classes = {
	};
	objectVersion = 46;
	objects = {

/* Begin PBXBuildFile section */
		1F35DD701EE4709D00666002 /* DesignableUITextField.swift in Sources */ = {isa = PBXBuildFile; fileRef = 1F35DD6F1EE4709D00666002 /* DesignableUITextField.swift */; };
		1F35DD721EE48FCB00666002 /* MessageToUserLabel.swift in Sources */ = {isa = PBXBuildFile; fileRef = 1F35DD711EE48FCB00666002 /* MessageToUserLabel.swift */; };
		1F35DD741EE4964400666002 /* EmailAuth.swift in Sources */ = {isa = PBXBuildFile; fileRef = 1F35DD731EE4964400666002 /* EmailAuth.swift */; };
		1F3F79121EE3B53900F3AF56 /* HomeViewController.swift in Sources */ = {isa = PBXBuildFile; fileRef = 1F3F79111EE3B53900F3AF56 /* HomeViewController.swift */; };
		1F3F79141EE3B5EC00F3AF56 /* ProfileViewController.swift in Sources */ = {isa = PBXBuildFile; fileRef = 1F3F79131EE3B5EC00F3AF56 /* ProfileViewController.swift */; };
		1F7C31F71EE5C34900F6D4DD /* CircleBorderedImageView.swift in Sources */ = {isa = PBXBuildFile; fileRef = 1F7C31F61EE5C34900F6D4DD /* CircleBorderedImageView.swift */; };
		1F84C21D1EE5F8B4004BD640 /* DarkToolbar.swift in Sources */ = {isa = PBXBuildFile; fileRef = 1F84C21C1EE5F8B4004BD640 /* DarkToolbar.swift */; };
		1F960AE81EE37F5400D7D57D /* CardView.swift in Sources */ = {isa = PBXBuildFile; fileRef = 1F960AE71EE37F5400D7D57D /* CardView.swift */; };
		1F960AEB1EE381B300D7D57D /* lunch_bg.jpg in Resources */ = {isa = PBXBuildFile; fileRef = 1F960AEA1EE381B300D7D57D /* lunch_bg.jpg */; };
		1F960AED1EE3823D00D7D57D /* WelcomeViewController.swift in Sources */ = {isa = PBXBuildFile; fileRef = 1F960AEC1EE3823D00D7D57D /* WelcomeViewController.swift */; };
		1F960AF01EE3952C00D7D57D /* lunch_bg2.png in Resources */ = {isa = PBXBuildFile; fileRef = 1F960AEF1EE3952C00D7D57D /* lunch_bg2.png */; };
		1F960AF21EE39B3C00D7D57D /* RoundedButton.swift in Sources */ = {isa = PBXBuildFile; fileRef = 1F960AF11EE39B3C00D7D57D /* RoundedButton.swift */; };
		1F960AF61EE3ACCD00D7D57D /* LoginViewController.swift in Sources */ = {isa = PBXBuildFile; fileRef = 1F960AF51EE3ACCD00D7D57D /* LoginViewController.swift */; };
		1F960AF81EE3ACDC00D7D57D /* RegistrationViewController.swift in Sources */ = {isa = PBXBuildFile; fileRef = 1F960AF71EE3ACDC00D7D57D /* RegistrationViewController.swift */; };
		1F960AFA1EE3AD3500D7D57D /* GoogleService-Info.plist in Resources */ = {isa = PBXBuildFile; fileRef = 1F960AF91EE3AD3500D7D57D /* GoogleService-Info.plist */; };
		1FA004FF1EE4C8D800439AA5 /* User.swift in Sources */ = {isa = PBXBuildFile; fileRef = 1FA004FE1EE4C8D800439AA5 /* User.swift */; };
		1FA005011EE4C93600439AA5 /* Brunch.swift in Sources */ = {isa = PBXBuildFile; fileRef = 1FA005001EE4C93600439AA5 /* Brunch.swift */; };
		1FA005031EE4CB0500439AA5 /* ExtensionFormattedDate.swift in Sources */ = {isa = PBXBuildFile; fileRef = 1FA005021EE4CB0500439AA5 /* ExtensionFormattedDate.swift */; };
		1FBF2BFD1EE3742D004164C0 /* AppDelegate.swift in Sources */ = {isa = PBXBuildFile; fileRef = 1FBF2BFC1EE3742D004164C0 /* AppDelegate.swift */; };
		1FBF2C021EE3742D004164C0 /* Main.storyboard in Resources */ = {isa = PBXBuildFile; fileRef = 1FBF2C001EE3742D004164C0 /* Main.storyboard */; };
		1FBF2C041EE3742D004164C0 /* Assets.xcassets in Resources */ = {isa = PBXBuildFile; fileRef = 1FBF2C031EE3742D004164C0 /* Assets.xcassets */; };
		1FBF2C071EE3742D004164C0 /* LaunchScreen.storyboard in Resources */ = {isa = PBXBuildFile; fileRef = 1FBF2C051EE3742D004164C0 /* LaunchScreen.storyboard */; };
		1FF2D2AA1EE4E34F002CE4DA /* GlobalUser.swift in Sources */ = {isa = PBXBuildFile; fileRef = 1FF2D2A91EE4E34F002CE4DA /* GlobalUser.swift */; };
		3FFF4C43A7D6E6ABF8CCEF09 /* Pods_Brunchly.framework in Frameworks */ = {isa = PBXBuildFile; fileRef = B14BD0E2C65A5B6741999970 /* Pods_Brunchly.framework */; };
/* End PBXBuildFile section */

/* Begin PBXFileReference section */
		1BDB1467D1DECB9584B1C45A /* Pods-Brunchly.release.xcconfig */ = {isa = PBXFileReference; includeInIndex = 1; lastKnownFileType = text.xcconfig; name = "Pods-Brunchly.release.xcconfig"; path = "Pods/Target Support Files/Pods-Brunchly/Pods-Brunchly.release.xcconfig"; sourceTree = "<group>"; };
		1F35DD6E1EE45EEF00666002 /* Brunchly.entitlements */ = {isa = PBXFileReference; lastKnownFileType = text.plist.entitlements; path = Brunchly.entitlements; sourceTree = "<group>"; };
		1F35DD6F1EE4709D00666002 /* DesignableUITextField.swift */ = {isa = PBXFileReference; fileEncoding = 4; lastKnownFileType = sourcecode.swift; path = DesignableUITextField.swift; sourceTree = "<group>"; };
		1F35DD711EE48FCB00666002 /* MessageToUserLabel.swift */ = {isa = PBXFileReference; fileEncoding = 4; lastKnownFileType = sourcecode.swift; path = MessageToUserLabel.swift; sourceTree = "<group>"; };
		1F35DD731EE4964400666002 /* EmailAuth.swift */ = {isa = PBXFileReference; fileEncoding = 4; lastKnownFileType = sourcecode.swift; path = EmailAuth.swift; sourceTree = "<group>"; };
		1F3F79111EE3B53900F3AF56 /* HomeViewController.swift */ = {isa = PBXFileReference; fileEncoding = 4; lastKnownFileType = sourcecode.swift; path = HomeViewController.swift; sourceTree = "<group>"; };
		1F3F79131EE3B5EC00F3AF56 /* ProfileViewController.swift */ = {isa = PBXFileReference; fileEncoding = 4; lastKnownFileType = sourcecode.swift; path = ProfileViewController.swift; sourceTree = "<group>"; };
		1F7C31F61EE5C34900F6D4DD /* CircleBorderedImageView.swift */ = {isa = PBXFileReference; fileEncoding = 4; lastKnownFileType = sourcecode.swift; path = CircleBorderedImageView.swift; sourceTree = "<group>"; };
		1F84C21C1EE5F8B4004BD640 /* DarkToolbar.swift */ = {isa = PBXFileReference; fileEncoding = 4; lastKnownFileType = sourcecode.swift; path = DarkToolbar.swift; sourceTree = "<group>"; };
		1F960AE71EE37F5400D7D57D /* CardView.swift */ = {isa = PBXFileReference; fileEncoding = 4; lastKnownFileType = sourcecode.swift; path = CardView.swift; sourceTree = "<group>"; };
		1F960AEA1EE381B300D7D57D /* lunch_bg.jpg */ = {isa = PBXFileReference; lastKnownFileType = image.jpeg; path = lunch_bg.jpg; sourceTree = "<group>"; };
		1F960AEC1EE3823D00D7D57D /* WelcomeViewController.swift */ = {isa = PBXFileReference; fileEncoding = 4; lastKnownFileType = sourcecode.swift; path = WelcomeViewController.swift; sourceTree = "<group>"; };
		1F960AEF1EE3952C00D7D57D /* lunch_bg2.png */ = {isa = PBXFileReference; lastKnownFileType = image.png; path = lunch_bg2.png; sourceTree = "<group>"; };
		1F960AF11EE39B3C00D7D57D /* RoundedButton.swift */ = {isa = PBXFileReference; fileEncoding = 4; lastKnownFileType = sourcecode.swift; path = RoundedButton.swift; sourceTree = "<group>"; };
		1F960AF51EE3ACCD00D7D57D /* LoginViewController.swift */ = {isa = PBXFileReference; fileEncoding = 4; lastKnownFileType = sourcecode.swift; path = LoginViewController.swift; sourceTree = "<group>"; };
		1F960AF71EE3ACDC00D7D57D /* RegistrationViewController.swift */ = {isa = PBXFileReference; fileEncoding = 4; lastKnownFileType = sourcecode.swift; path = RegistrationViewController.swift; sourceTree = "<group>"; };
		1F960AF91EE3AD3500D7D57D /* GoogleService-Info.plist */ = {isa = PBXFileReference; fileEncoding = 4; lastKnownFileType = text.plist.xml; path = "GoogleService-Info.plist"; sourceTree = "<group>"; };
		1FA004FE1EE4C8D800439AA5 /* User.swift */ = {isa = PBXFileReference; fileEncoding = 4; lastKnownFileType = sourcecode.swift; path = User.swift; sourceTree = "<group>"; };
		1FA005001EE4C93600439AA5 /* Brunch.swift */ = {isa = PBXFileReference; fileEncoding = 4; lastKnownFileType = sourcecode.swift; path = Brunch.swift; sourceTree = "<group>"; };
		1FA005021EE4CB0500439AA5 /* ExtensionFormattedDate.swift */ = {isa = PBXFileReference; fileEncoding = 4; lastKnownFileType = sourcecode.swift; path = ExtensionFormattedDate.swift; sourceTree = "<group>"; };
		1FBF2BF91EE3742D004164C0 /* Brunchly.app */ = {isa = PBXFileReference; explicitFileType = wrapper.application; includeInIndex = 0; path = Brunchly.app; sourceTree = BUILT_PRODUCTS_DIR; };
		1FBF2BFC1EE3742D004164C0 /* AppDelegate.swift */ = {isa = PBXFileReference; lastKnownFileType = sourcecode.swift; path = AppDelegate.swift; sourceTree = "<group>"; };
		1FBF2C011EE3742D004164C0 /* Base */ = {isa = PBXFileReference; lastKnownFileType = file.storyboard; name = Base; path = Base.lproj/Main.storyboard; sourceTree = "<group>"; };
		1FBF2C031EE3742D004164C0 /* Assets.xcassets */ = {isa = PBXFileReference; lastKnownFileType = folder.assetcatalog; path = Assets.xcassets; sourceTree = "<group>"; };
		1FBF2C061EE3742D004164C0 /* Base */ = {isa = PBXFileReference; lastKnownFileType = file.storyboard; name = Base; path = Base.lproj/LaunchScreen.storyboard; sourceTree = "<group>"; };
		1FBF2C081EE3742D004164C0 /* Info.plist */ = {isa = PBXFileReference; lastKnownFileType = text.plist.xml; path = Info.plist; sourceTree = "<group>"; };
		1FF2D2A91EE4E34F002CE4DA /* GlobalUser.swift */ = {isa = PBXFileReference; fileEncoding = 4; lastKnownFileType = sourcecode.swift; path = GlobalUser.swift; sourceTree = "<group>"; };
		4277D029240E8C632844D173 /* Pods-Brunchly.debug.xcconfig */ = {isa = PBXFileReference; includeInIndex = 1; lastKnownFileType = text.xcconfig; name = "Pods-Brunchly.debug.xcconfig"; path = "Pods/Target Support Files/Pods-Brunchly/Pods-Brunchly.debug.xcconfig"; sourceTree = "<group>"; };
		B14BD0E2C65A5B6741999970 /* Pods_Brunchly.framework */ = {isa = PBXFileReference; explicitFileType = wrapper.framework; includeInIndex = 0; path = Pods_Brunchly.framework; sourceTree = BUILT_PRODUCTS_DIR; };
/* End PBXFileReference section */

/* Begin PBXFrameworksBuildPhase section */
		1FBF2BF61EE3742D004164C0 /* Frameworks */ = {
			isa = PBXFrameworksBuildPhase;
			buildActionMask = 2147483647;
			files = (
				3FFF4C43A7D6E6ABF8CCEF09 /* Pods_Brunchly.framework in Frameworks */,
			);
			runOnlyForDeploymentPostprocessing = 0;
		};
/* End PBXFrameworksBuildPhase section */

/* Begin PBXGroup section */
		1F960AE41EE37F1C00D7D57D /* Model */ = {
			isa = PBXGroup;
			children = (
				1F35DD731EE4964400666002 /* EmailAuth.swift */,
				1FA004FE1EE4C8D800439AA5 /* User.swift */,
				1FA005001EE4C93600439AA5 /* Brunch.swift */,
				1FA005021EE4CB0500439AA5 /* ExtensionFormattedDate.swift */,
				1FF2D2A91EE4E34F002CE4DA /* GlobalUser.swift */,
			);
			name = Model;
			sourceTree = "<group>";
		};
		1F960AE51EE37F2200D7D57D /* View */ = {
			isa = PBXGroup;
			children = (
				1F960AE71EE37F5400D7D57D /* CardView.swift */,
				1F960AF11EE39B3C00D7D57D /* RoundedButton.swift */,
				1F84C21C1EE5F8B4004BD640 /* DarkToolbar.swift */,
				1F35DD6F1EE4709D00666002 /* DesignableUITextField.swift */,
				1F35DD711EE48FCB00666002 /* MessageToUserLabel.swift */,
				1F7C31F61EE5C34900F6D4DD /* CircleBorderedImageView.swift */,
			);
			name = View;
			sourceTree = "<group>";
		};
		1F960AE61EE37F2800D7D57D /* ViewController */ = {
			isa = PBXGroup;
			children = (
				1F960AEC1EE3823D00D7D57D /* WelcomeViewController.swift */,
				1F960AF51EE3ACCD00D7D57D /* LoginViewController.swift */,
				1F960AF71EE3ACDC00D7D57D /* RegistrationViewController.swift */,
				1F3F79111EE3B53900F3AF56 /* HomeViewController.swift */,
				1F3F79131EE3B5EC00F3AF56 /* ProfileViewController.swift */,
			);
			name = ViewController;
			sourceTree = "<group>";
		};
		1F960AE91EE381A200D7D57D /* Images */ = {
			isa = PBXGroup;
			children = (
				1F960AEA1EE381B300D7D57D /* lunch_bg.jpg */,
				1F960AEF1EE3952C00D7D57D /* lunch_bg2.png */,
			);
			name = Images;
			sourceTree = "<group>";
		};
		1FBF2BF01EE3742D004164C0 = {
			isa = PBXGroup;
			children = (
				1FBF2BFB1EE3742D004164C0 /* Brunchly */,
				1FBF2BFA1EE3742D004164C0 /* Products */,
				47FE07C028B71A5F2E3A097D /* Pods */,
				E44737F1C980F6CEEAE9C2B7 /* Frameworks */,
			);
			sourceTree = "<group>";
		};
		1FBF2BFA1EE3742D004164C0 /* Products */ = {
			isa = PBXGroup;
			children = (
				1FBF2BF91EE3742D004164C0 /* Brunchly.app */,
			);
			name = Products;
			sourceTree = "<group>";
		};
		1FBF2BFB1EE3742D004164C0 /* Brunchly */ = {
			isa = PBXGroup;
			children = (
				1F35DD6E1EE45EEF00666002 /* Brunchly.entitlements */,
				1F960AE91EE381A200D7D57D /* Images */,
				1F960AE61EE37F2800D7D57D /* ViewController */,
				1F960AE51EE37F2200D7D57D /* View */,
				1F960AE41EE37F1C00D7D57D /* Model */,
				1FBF2BFC1EE3742D004164C0 /* AppDelegate.swift */,
				1FBF2C001EE3742D004164C0 /* Main.storyboard */,
				1FBF2C031EE3742D004164C0 /* Assets.xcassets */,
				1FBF2C051EE3742D004164C0 /* LaunchScreen.storyboard */,
				1FBF2C081EE3742D004164C0 /* Info.plist */,
				1F960AF91EE3AD3500D7D57D /* GoogleService-Info.plist */,
			);
			path = Brunchly;
			sourceTree = "<group>";
		};
		47FE07C028B71A5F2E3A097D /* Pods */ = {
			isa = PBXGroup;
			children = (
				4277D029240E8C632844D173 /* Pods-Brunchly.debug.xcconfig */,
				1BDB1467D1DECB9584B1C45A /* Pods-Brunchly.release.xcconfig */,
			);
			name = Pods;
			sourceTree = "<group>";
		};
		E44737F1C980F6CEEAE9C2B7 /* Frameworks */ = {
			isa = PBXGroup;
			children = (
				B14BD0E2C65A5B6741999970 /* Pods_Brunchly.framework */,
			);
			name = Frameworks;
			sourceTree = "<group>";
		};
/* End PBXGroup section */

/* Begin PBXNativeTarget section */
		1FBF2BF81EE3742D004164C0 /* Brunchly */ = {
			isa = PBXNativeTarget;
			buildConfigurationList = 1FBF2C0B1EE3742D004164C0 /* Build configuration list for PBXNativeTarget "Brunchly" */;
			buildPhases = (
				3EE16E2FD31ABC81C154513E /* [CP] Check Pods Manifest.lock */,
				1FBF2BF51EE3742D004164C0 /* Sources */,
				1FBF2BF61EE3742D004164C0 /* Frameworks */,
				1FBF2BF71EE3742D004164C0 /* Resources */,
				C155D8611393944918290BB3 /* [CP] Embed Pods Frameworks */,
				E9DCB093D469C2796B5FB2EA /* [CP] Copy Pods Resources */,
			);
			buildRules = (
			);
			dependencies = (
			);
			name = Brunchly;
			productName = Brunchly;
			productReference = 1FBF2BF91EE3742D004164C0 /* Brunchly.app */;
			productType = "com.apple.product-type.application";
		};
/* End PBXNativeTarget section */

/* Begin PBXProject section */
		1FBF2BF11EE3742D004164C0 /* Project object */ = {
			isa = PBXProject;
			attributes = {
				LastSwiftUpdateCheck = 0810;
				LastUpgradeCheck = 0810;
				ORGANIZATIONNAME = YoTechnica;
				TargetAttributes = {
					1FBF2BF81EE3742D004164C0 = {
						CreatedOnToolsVersion = 8.1;
						DevelopmentTeam = 57LE3DGJGW;
						LastSwiftMigration = 0810;
						ProvisioningStyle = Automatic;
						SystemCapabilities = {
							com.apple.Keychain = {
								enabled = 1;
							};
						};
					};
				};
			};
			buildConfigurationList = 1FBF2BF41EE3742D004164C0 /* Build configuration list for PBXProject "Brunchly" */;
			compatibilityVersion = "Xcode 3.2";
			developmentRegion = English;
			hasScannedForEncodings = 0;
			knownRegions = (
				en,
				Base,
			);
			mainGroup = 1FBF2BF01EE3742D004164C0;
			productRefGroup = 1FBF2BFA1EE3742D004164C0 /* Products */;
			projectDirPath = "";
			projectRoot = "";
			targets = (
				1FBF2BF81EE3742D004164C0 /* Brunchly */,
			);
		};
/* End PBXProject section */

/* Begin PBXResourcesBuildPhase section */
		1FBF2BF71EE3742D004164C0 /* Resources */ = {
			isa = PBXResourcesBuildPhase;
			buildActionMask = 2147483647;
			files = (
				1FBF2C071EE3742D004164C0 /* LaunchScreen.storyboard in Resources */,
				1F960AEB1EE381B300D7D57D /* lunch_bg.jpg in Resources */,
				1F960AF01EE3952C00D7D57D /* lunch_bg2.png in Resources */,
				1FBF2C041EE3742D004164C0 /* Assets.xcassets in Resources */,
				1FBF2C021EE3742D004164C0 /* Main.storyboard in Resources */,
				1F960AFA1EE3AD3500D7D57D /* GoogleService-Info.plist in Resources */,
			);
			runOnlyForDeploymentPostprocessing = 0;
		};
/* End PBXResourcesBuildPhase section */

/* Begin PBXShellScriptBuildPhase section */
		3EE16E2FD31ABC81C154513E /* [CP] Check Pods Manifest.lock */ = {
			isa = PBXShellScriptBuildPhase;
			buildActionMask = 2147483647;
			files = (
			);
			inputPaths = (
			);
			name = "[CP] Check Pods Manifest.lock";
			outputPaths = (
			);
			runOnlyForDeploymentPostprocessing = 0;
			shellPath = /bin/sh;
			shellScript = "diff \"${PODS_PODFILE_DIR_PATH}/Podfile.lock\" \"${PODS_ROOT}/Manifest.lock\" > /dev/null\nif [ $? != 0 ] ; then\n    # print error to STDERR\n    echo \"error: The sandbox is not in sync with the Podfile.lock. Run 'pod install' or update your CocoaPods installation.\" >&2\n    exit 1\nfi\n";
			showEnvVarsInLog = 0;
		};
		C155D8611393944918290BB3 /* [CP] Embed Pods Frameworks */ = {
			isa = PBXShellScriptBuildPhase;
			buildActionMask = 2147483647;
			files = (
			);
			inputPaths = (
			);
			name = "[CP] Embed Pods Frameworks";
			outputPaths = (
			);
			runOnlyForDeploymentPostprocessing = 0;
			shellPath = /bin/sh;
			shellScript = "\"${SRCROOT}/Pods/Target Support Files/Pods-Brunchly/Pods-Brunchly-frameworks.sh\"\n";
			showEnvVarsInLog = 0;
		};
		E9DCB093D469C2796B5FB2EA /* [CP] Copy Pods Resources */ = {
			isa = PBXShellScriptBuildPhase;
			buildActionMask = 2147483647;
			files = (
			);
			inputPaths = (
			);
			name = "[CP] Copy Pods Resources";
			outputPaths = (
			);
			runOnlyForDeploymentPostprocessing = 0;
			shellPath = /bin/sh;
			shellScript = "\"${SRCROOT}/Pods/Target Support Files/Pods-Brunchly/Pods-Brunchly-resources.sh\"\n";
			showEnvVarsInLog = 0;
		};
/* End PBXShellScriptBuildPhase section */

/* Begin PBXSourcesBuildPhase section */
		1FBF2BF51EE3742D004164C0 /* Sources */ = {
			isa = PBXSourcesBuildPhase;
			buildActionMask = 2147483647;
			files = (
				1F7C31F71EE5C34900F6D4DD /* CircleBorderedImageView.swift in Sources */,
				1F960AF81EE3ACDC00D7D57D /* RegistrationViewController.swift in Sources */,
				1F960AED1EE3823D00D7D57D /* WelcomeViewController.swift in Sources */,
				1F960AE81EE37F5400D7D57D /* CardView.swift in Sources */,
				1F35DD741EE4964400666002 /* EmailAuth.swift in Sources */,
				1FBF2BFD1EE3742D004164C0 /* AppDelegate.swift in Sources */,
				1F35DD701EE4709D00666002 /* DesignableUITextField.swift in Sources */,
				1FA005031EE4CB0500439AA5 /* ExtensionFormattedDate.swift in Sources */,
				1F960AF61EE3ACCD00D7D57D /* LoginViewController.swift in Sources */,
				1F3F79121EE3B53900F3AF56 /* HomeViewController.swift in Sources */,
				1FA004FF1EE4C8D800439AA5 /* User.swift in Sources */,
				1F84C21D1EE5F8B4004BD640 /* DarkToolbar.swift in Sources */,
				1FA005011EE4C93600439AA5 /* Brunch.swift in Sources */,
				1FF2D2AA1EE4E34F002CE4DA /* GlobalUser.swift in Sources */,
				1F35DD721EE48FCB00666002 /* MessageToUserLabel.swift in Sources */,
				1F3F79141EE3B5EC00F3AF56 /* ProfileViewController.swift in Sources */,
				1F960AF21EE39B3C00D7D57D /* RoundedButton.swift in Sources */,
			);
			runOnlyForDeploymentPostprocessing = 0;
		};
/* End PBXSourcesBuildPhase section */

/* Begin PBXVariantGroup section */
		1FBF2C001EE3742D004164C0 /* Main.storyboard */ = {
			isa = PBXVariantGroup;
			children = (
				1FBF2C011EE3742D004164C0 /* Base */,
			);
			name = Main.storyboard;
			sourceTree = "<group>";
		};
		1FBF2C051EE3742D004164C0 /* LaunchScreen.storyboard */ = {
			isa = PBXVariantGroup;
			children = (
				1FBF2C061EE3742D004164C0 /* Base */,
			);
			name = LaunchScreen.storyboard;
			sourceTree = "<group>";
		};
/* End PBXVariantGroup section */

/* Begin XCBuildConfiguration section */
		1FBF2C091EE3742D004164C0 /* Debug */ = {
			isa = XCBuildConfiguration;
			buildSettings = {
				ALWAYS_SEARCH_USER_PATHS = NO;
				CLANG_ANALYZER_NONNULL = YES;
				CLANG_CXX_LANGUAGE_STANDARD = "gnu++0x";
				CLANG_CXX_LIBRARY = "libc++";
				CLANG_ENABLE_MODULES = YES;
				CLANG_ENABLE_OBJC_ARC = YES;
				CLANG_WARN_BOOL_CONVERSION = YES;
				CLANG_WARN_CONSTANT_CONVERSION = YES;
				CLANG_WARN_DIRECT_OBJC_ISA_USAGE = YES_ERROR;
				CLANG_WARN_DOCUMENTATION_COMMENTS = YES;
				CLANG_WARN_EMPTY_BODY = YES;
				CLANG_WARN_ENUM_CONVERSION = YES;
				CLANG_WARN_INFINITE_RECURSION = YES;
				CLANG_WARN_INT_CONVERSION = YES;
				CLANG_WARN_OBJC_ROOT_CLASS = YES_ERROR;
				CLANG_WARN_SUSPICIOUS_MOVES = YES;
				CLANG_WARN_UNREACHABLE_CODE = YES;
				CLANG_WARN__DUPLICATE_METHOD_MATCH = YES;
				"CODE_SIGN_IDENTITY[sdk=iphoneos*]" = "iPhone Developer";
				COPY_PHASE_STRIP = NO;
				DEBUG_INFORMATION_FORMAT = dwarf;
				ENABLE_STRICT_OBJC_MSGSEND = YES;
				ENABLE_TESTABILITY = YES;
				GCC_C_LANGUAGE_STANDARD = gnu99;
				GCC_DYNAMIC_NO_PIC = NO;
				GCC_NO_COMMON_BLOCKS = YES;
				GCC_OPTIMIZATION_LEVEL = 0;
				GCC_PREPROCESSOR_DEFINITIONS = (
					"DEBUG=1",
					"$(inherited)",
				);
				GCC_WARN_64_TO_32_BIT_CONVERSION = YES;
				GCC_WARN_ABOUT_RETURN_TYPE = YES_ERROR;
				GCC_WARN_UNDECLARED_SELECTOR = YES;
				GCC_WARN_UNINITIALIZED_AUTOS = YES_AGGRESSIVE;
				GCC_WARN_UNUSED_FUNCTION = YES;
				GCC_WARN_UNUSED_VARIABLE = YES;
				IPHONEOS_DEPLOYMENT_TARGET = 10.1;
				MTL_ENABLE_DEBUG_INFO = YES;
				ONLY_ACTIVE_ARCH = YES;
				SDKROOT = iphoneos;
				SWIFT_ACTIVE_COMPILATION_CONDITIONS = DEBUG;
				SWIFT_OPTIMIZATION_LEVEL = "-Onone";
			};
			name = Debug;
		};
		1FBF2C0A1EE3742D004164C0 /* Release */ = {
			isa = XCBuildConfiguration;
			buildSettings = {
				ALWAYS_SEARCH_USER_PATHS = NO;
				CLANG_ANALYZER_NONNULL = YES;
				CLANG_CXX_LANGUAGE_STANDARD = "gnu++0x";
				CLANG_CXX_LIBRARY = "libc++";
				CLANG_ENABLE_MODULES = YES;
				CLANG_ENABLE_OBJC_ARC = YES;
				CLANG_WARN_BOOL_CONVERSION = YES;
				CLANG_WARN_CONSTANT_CONVERSION = YES;
				CLANG_WARN_DIRECT_OBJC_ISA_USAGE = YES_ERROR;
				CLANG_WARN_DOCUMENTATION_COMMENTS = YES;
				CLANG_WARN_EMPTY_BODY = YES;
				CLANG_WARN_ENUM_CONVERSION = YES;
				CLANG_WARN_INFINITE_RECURSION = YES;
				CLANG_WARN_INT_CONVERSION = YES;
				CLANG_WARN_OBJC_ROOT_CLASS = YES_ERROR;
				CLANG_WARN_SUSPICIOUS_MOVES = YES;
				CLANG_WARN_UNREACHABLE_CODE = YES;
				CLANG_WARN__DUPLICATE_METHOD_MATCH = YES;
				"CODE_SIGN_IDENTITY[sdk=iphoneos*]" = "iPhone Developer";
				COPY_PHASE_STRIP = NO;
				DEBUG_INFORMATION_FORMAT = "dwarf-with-dsym";
				ENABLE_NS_ASSERTIONS = NO;
				ENABLE_STRICT_OBJC_MSGSEND = YES;
				GCC_C_LANGUAGE_STANDARD = gnu99;
				GCC_NO_COMMON_BLOCKS = YES;
				GCC_WARN_64_TO_32_BIT_CONVERSION = YES;
				GCC_WARN_ABOUT_RETURN_TYPE = YES_ERROR;
				GCC_WARN_UNDECLARED_SELECTOR = YES;
				GCC_WARN_UNINITIALIZED_AUTOS = YES_AGGRESSIVE;
				GCC_WARN_UNUSED_FUNCTION = YES;
				GCC_WARN_UNUSED_VARIABLE = YES;
				IPHONEOS_DEPLOYMENT_TARGET = 10.1;
				MTL_ENABLE_DEBUG_INFO = NO;
				SDKROOT = iphoneos;
				SWIFT_OPTIMIZATION_LEVEL = "-Owholemodule";
				VALIDATE_PRODUCT = YES;
			};
			name = Release;
		};
		1FBF2C0C1EE3742D004164C0 /* Debug */ = {
			isa = XCBuildConfiguration;
			baseConfigurationReference = 4277D029240E8C632844D173 /* Pods-Brunchly.debug.xcconfig */;
			buildSettings = {
				ASSETCATALOG_COMPILER_APPICON_NAME = AppIcon;
				CODE_SIGN_ENTITLEMENTS = Brunchly/Brunchly.entitlements;
				DEVELOPMENT_TEAM = 57LE3DGJGW;
				INFOPLIST_FILE = Brunchly/Info.plist;
				LD_RUNPATH_SEARCH_PATHS = "$(inherited) @executable_path/Frameworks";
				PRODUCT_BUNDLE_IDENTIFIER = com.jeffery.Brunchly;
				PRODUCT_NAME = "$(TARGET_NAME)";
				SWIFT_VERSION = 3.0;
			};
			name = Debug;
		};
		1FBF2C0D1EE3742D004164C0 /* Release */ = {
			isa = XCBuildConfiguration;
			baseConfigurationReference = 1BDB1467D1DECB9584B1C45A /* Pods-Brunchly.release.xcconfig */;
			buildSettings = {
				ASSETCATALOG_COMPILER_APPICON_NAME = AppIcon;
				CODE_SIGN_ENTITLEMENTS = Brunchly/Brunchly.entitlements;
				DEVELOPMENT_TEAM = 57LE3DGJGW;
				INFOPLIST_FILE = Brunchly/Info.plist;
				LD_RUNPATH_SEARCH_PATHS = "$(inherited) @executable_path/Frameworks";
				PRODUCT_BUNDLE_IDENTIFIER = com.jeffery.Brunchly;
				PRODUCT_NAME = "$(TARGET_NAME)";
				SWIFT_VERSION = 3.0;
			};
			name = Release;
		};
/* End XCBuildConfiguration section */

/* Begin XCConfigurationList section */
		1FBF2BF41EE3742D004164C0 /* Build configuration list for PBXProject "Brunchly" */ = {
			isa = XCConfigurationList;
			buildConfigurations = (
				1FBF2C091EE3742D004164C0 /* Debug */,
				1FBF2C0A1EE3742D004164C0 /* Release */,
			);
			defaultConfigurationIsVisible = 0;
			defaultConfigurationName = Release;
		};
		1FBF2C0B1EE3742D004164C0 /* Build configuration list for PBXNativeTarget "Brunchly" */ = {
			isa = XCConfigurationList;
			buildConfigurations = (
				1FBF2C0C1EE3742D004164C0 /* Debug */,
				1FBF2C0D1EE3742D004164C0 /* Release */,
			);
			defaultConfigurationIsVisible = 0;
			defaultConfigurationName = Release;
		};
/* End XCConfigurationList section */
	};
	rootObject = 1FBF2BF11EE3742D004164C0 /* Project object */;
}
